
Microsoft Visual Studio Solution File, Format Version 12.00
Project("{FAE04EC0-301F-11D3-BF4B-00C04F79EFBC}") = "OpenGE", "OpenGE\OpenGE.csproj", "{D4D51851-CFA6-43C6-B9EA-BDF419776F02}"
EndProject
Project("{FAE04EC0-301F-11D3-BF4B-00C04F79EFBC}") = "Sandbox", "Sandbox\Sandbox.csproj", "{3F55891E-F5A9-4C10-A300-A0EE01720BA3}"
EndProject
Global
	GlobalSection(SolutionConfigurationPlatforms) = preSolution
		Debug|Any CPU = Debug|Any CPU
		Release|Any CPU = Release|Any CPU
	EndGlobalSection
	GlobalSection(ProjectConfigurationPlatforms) = postSolution
		{D4D51851-CFA6-43C6-B9EA-BDF419776F02}.Debug|Any CPU.ActiveCfg = Debug|Any CPU
		{D4D51851-CFA6-43C6-B9EA-BDF419776F02}.Debug|Any CPU.Build.0 = Debug|Any CPU
		{D4D51851-CFA6-43C6-B9EA-BDF419776F02}.Release|Any CPU.ActiveCfg = Release|Any CPU
		{D4D51851-CFA6-43C6-B9EA-BDF419776F02}.Release|Any CPU.Build.0 = Release|Any CPU
		{3F55891E-F5A9-4C10-A300-A0EE01720BA3}.Debug|Any CPU.ActiveCfg = Debug|Any CPU
		{3F55891E-F5A9-4C10-A300-A0EE01720BA3}.Debug|Any CPU.Build.0 = Debug|Any CPU
		{3F55891E-F5A9-4C10-A300-A0EE01720BA3}.Release|Any CPU.ActiveCfg = Release|Any CPU
		{3F55891E-F5A9-4C10-A300-A0EE01720BA3}.Release|Any CPU.Build.0 = Release|Any CPU
	EndGlobalSection
EndGlobal
